
Microsoft Visual Studio Solution File, Format Version 12.00
# Visual Studio Version 17
VisualStudioVersion = 17.13.35825.156 d17.13
MinimumVisualStudioVersion = 10.0.40219.1
Project("{888888A0-9F3D-457C-B088-3A5042F75D52}") = "GK_PYGAME1", "GK_PYGAME1.pyproj", "{BF2360A1-6C03-4514-B5E0-FA2FE20DDFE2}"
EndProject
Global
	GlobalSection(SolutionConfigurationPlatforms) = preSolution
		Debug|Any CPU = Debug|Any CPU
		Release|Any CPU = Release|Any CPU
	EndGlobalSection
	GlobalSection(ProjectConfigurationPlatforms) = postSolution
		{BF2360A1-6C03-4514-B5E0-FA2FE20DDFE2}.Debug|Any CPU.ActiveCfg = Debug|Any CPU
		{BF2360A1-6C03-4514-B5E0-FA2FE20DDFE2}.Release|Any CPU.ActiveCfg = Release|Any CPU
	EndGlobalSection
	GlobalSection(SolutionProperties) = preSolution
		HideSolutionNode = FALSE
	EndGlobalSection
	GlobalSection(ExtensibilityGlobals) = postSolution
		SolutionGuid = {8859546D-21D7-4A67-9E12-AC4641470BE9}
	EndGlobalSection
EndGlobal
